// !$*UTF8*$!
{
	archiveVersion = 1;
	classes = {
	};
	objectVersion = 52;
	objects = {

/* Begin PBXBuildFile section */
		DE900E842AC575A300BD6E4C /* AppDelegate.swift in Sources */ = {isa = PBXBuildFile; fileRef = DE900E832AC575A300BD6E4C /* AppDelegate.swift */; };
		DE900E862AC575A300BD6E4C /* SceneDelegate.swift in Sources */ = {isa = PBXBuildFile; fileRef = DE900E852AC575A300BD6E4C /* SceneDelegate.swift */; };
		DE900E882AC575A300BD6E4C /* ViewController.swift in Sources */ = {isa = PBXBuildFile; fileRef = DE900E872AC575A300BD6E4C /* ViewController.swift */; };
		DE900E8B2AC575A300BD6E4C /* Main.storyboard in Resources */ = {isa = PBXBuildFile; fileRef = DE900E892AC575A300BD6E4C /* Main.storyboard */; };
		DE900E8D2AC575A500BD6E4C /* Assets.xcassets in Resources */ = {isa = PBXBuildFile; fileRef = DE900E8C2AC575A500BD6E4C /* Assets.xcassets */; };
		DE900E902AC575A500BD6E4C /* LaunchScreen.storyboard in Resources */ = {isa = PBXBuildFile; fileRef = DE900E8E2AC575A500BD6E4C /* LaunchScreen.storyboard */; };
		DE900E9B2AC575A500BD6E4C /* Ejemplo1IntroduccionTests.swift in Sources */ = {isa = PBXBuildFile; fileRef = DE900E9A2AC575A500BD6E4C /* Ejemplo1IntroduccionTests.swift */; };
		DE900EA62AC575A500BD6E4C /* Ejemplo1IntroduccionUITests.swift in Sources */ = {isa = PBXBuildFile; fileRef = DE900EA52AC575A500BD6E4C /* Ejemplo1IntroduccionUITests.swift */; };
		DE900EB82AC5795900BD6E4C /* Usuario.swift in Sources */ = {isa = PBXBuildFile; fileRef = DE900EB72AC5795900BD6E4C /* Usuario.swift */; };
		DE900EBE2AC57DF800BD6E4C /* Toast in Frameworks */ = {isa = PBXBuildFile; productRef = DE900EBD2AC57DF800BD6E4C /* Toast */; };
/* End PBXBuildFile section */

/* Begin PBXContainerItemProxy section */
		DE900E972AC575A500BD6E4C /* PBXContainerItemProxy */ = {
			isa = PBXContainerItemProxy;
			containerPortal = DE900E782AC575A300BD6E4C /* Project object */;
			proxyType = 1;
			remoteGlobalIDString = DE900E7F2AC575A300BD6E4C;
			remoteInfo = Ejemplo1Introduccion;
		};
		DE900EA22AC575A500BD6E4C /* PBXContainerItemProxy */ = {
			isa = PBXContainerItemProxy;
			containerPortal = DE900E782AC575A300BD6E4C /* Project object */;
			proxyType = 1;
			remoteGlobalIDString = DE900E7F2AC575A300BD6E4C;
			remoteInfo = Ejemplo1Introduccion;
		};
/* End PBXContainerItemProxy section */

/* Begin PBXFileReference section */
		DE900E802AC575A300BD6E4C /* Ejemplo1Introduccion.app */ = {isa = PBXFileReference; explicitFileType = wrapper.application; includeInIndex = 0; path = Ejemplo1Introduccion.app; sourceTree = BUILT_PRODUCTS_DIR; };
		DE900E832AC575A300BD6E4C /* AppDelegate.swift */ = {isa = PBXFileReference; lastKnownFileType = sourcecode.swift; path = AppDelegate.swift; sourceTree = "<group>"; };
		DE900E852AC575A300BD6E4C /* SceneDelegate.swift */ = {isa = PBXFileReference; lastKnownFileType = sourcecode.swift; path = SceneDelegate.swift; sourceTree = "<group>"; };
		DE900E872AC575A300BD6E4C /* ViewController.swift */ = {isa = PBXFileReference; lastKnownFileType = sourcecode.swift; path = ViewController.swift; sourceTree = "<group>"; };
		DE900E8A2AC575A300BD6E4C /* Base */ = {isa = PBXFileReference; lastKnownFileType = file.storyboard; name = Base; path = Base.lproj/Main.storyboard; sourceTree = "<group>"; };
		DE900E8C2AC575A500BD6E4C /* Assets.xcassets */ = {isa = PBXFileReference; lastKnownFileType = folder.assetcatalog; path = Assets.xcassets; sourceTree = "<group>"; };
		DE900E8F2AC575A500BD6E4C /* Base */ = {isa = PBXFileReference; lastKnownFileType = file.storyboard; name = Base; path = Base.lproj/LaunchScreen.storyboard; sourceTree = "<group>"; };
		DE900E912AC575A500BD6E4C /* Info.plist */ = {isa = PBXFileReference; lastKnownFileType = text.plist.xml; path = Info.plist; sourceTree = "<group>"; };
		DE900E962AC575A500BD6E4C /* Ejemplo1IntroduccionTests.xctest */ = {isa = PBXFileReference; explicitFileType = wrapper.cfbundle; includeInIndex = 0; path = Ejemplo1IntroduccionTests.xctest; sourceTree = BUILT_PRODUCTS_DIR; };
		DE900E9A2AC575A500BD6E4C /* Ejemplo1IntroduccionTests.swift */ = {isa = PBXFileReference; lastKnownFileType = sourcecode.swift; path = Ejemplo1IntroduccionTests.swift; sourceTree = "<group>"; };
		DE900E9C2AC575A500BD6E4C /* Info.plist */ = {isa = PBXFileReference; lastKnownFileType = text.plist.xml; path = Info.plist; sourceTree = "<group>"; };
		DE900EA12AC575A500BD6E4C /* Ejemplo1IntroduccionUITests.xctest */ = {isa = PBXFileReference; explicitFileType = wrapper.cfbundle; includeInIndex = 0; path = Ejemplo1IntroduccionUITests.xctest; sourceTree = BUILT_PRODUCTS_DIR; };
		DE900EA52AC575A500BD6E4C /* Ejemplo1IntroduccionUITests.swift */ = {isa = PBXFileReference; lastKnownFileType = sourcecode.swift; path = Ejemplo1IntroduccionUITests.swift; sourceTree = "<group>"; };
		DE900EA72AC575A500BD6E4C /* Info.plist */ = {isa = PBXFileReference; lastKnownFileType = text.plist.xml; path = Info.plist; sourceTree = "<group>"; };
		DE900EB72AC5795900BD6E4C /* Usuario.swift */ = {isa = PBXFileReference; lastKnownFileType = sourcecode.swift; path = Usuario.swift; sourceTree = "<group>"; };
/* End PBXFileReference section */

/* Begin PBXFrameworksBuildPhase section */
		DE900E7D2AC575A300BD6E4C /* Frameworks */ = {
			isa = PBXFrameworksBuildPhase;
			buildActionMask = 2147483647;
			files = (
				DE900EBE2AC57DF800BD6E4C /* Toast in Frameworks */,
			);
			runOnlyForDeploymentPostprocessing = 0;
		};
		DE900E932AC575A500BD6E4C /* Frameworks */ = {
			isa = PBXFrameworksBuildPhase;
			buildActionMask = 2147483647;
			files = (
			);
			runOnlyForDeploymentPostprocessing = 0;
		};
		DE900E9E2AC575A500BD6E4C /* Frameworks */ = {
			isa = PBXFrameworksBuildPhase;
			buildActionMask = 2147483647;
			files = (
			);
			runOnlyForDeploymentPostprocessing = 0;
		};
/* End PBXFrameworksBuildPhase section */

/* Begin PBXGroup section */
		DE900E772AC575A300BD6E4C = {
			isa = PBXGroup;
			children = (
				DE900E822AC575A300BD6E4C /* Ejemplo1Introduccion */,
				DE900E992AC575A500BD6E4C /* Ejemplo1IntroduccionTests */,
				DE900EA42AC575A500BD6E4C /* Ejemplo1IntroduccionUITests */,
				DE900E812AC575A300BD6E4C /* Products */,
			);
			sourceTree = "<group>";
		};
		DE900E812AC575A300BD6E4C /* Products */ = {
			isa = PBXGroup;
			children = (
				DE900E802AC575A300BD6E4C /* Ejemplo1Introduccion.app */,
				DE900E962AC575A500BD6E4C /* Ejemplo1IntroduccionTests.xctest */,
				DE900EA12AC575A500BD6E4C /* Ejemplo1IntroduccionUITests.xctest */,
			);
			name = Products;
			sourceTree = "<group>";
		};
		DE900E822AC575A300BD6E4C /* Ejemplo1Introduccion */ = {
			isa = PBXGroup;
			children = (
				DE900EB62AC578E300BD6E4C /* modelos */,
				DE900E832AC575A300BD6E4C /* AppDelegate.swift */,
				DE900E852AC575A300BD6E4C /* SceneDelegate.swift */,
				DE900E872AC575A300BD6E4C /* ViewController.swift */,
				DE900E892AC575A300BD6E4C /* Main.storyboard */,
				DE900E8C2AC575A500BD6E4C /* Assets.xcassets */,
				DE900E8E2AC575A500BD6E4C /* LaunchScreen.storyboard */,
				DE900E912AC575A500BD6E4C /* Info.plist */,
			);
			path = Ejemplo1Introduccion;
			sourceTree = "<group>";
		};
		DE900E992AC575A500BD6E4C /* Ejemplo1IntroduccionTests */ = {
			isa = PBXGroup;
			children = (
				DE900E9A2AC575A500BD6E4C /* Ejemplo1IntroduccionTests.swift */,
				DE900E9C2AC575A500BD6E4C /* Info.plist */,
			);
			path = Ejemplo1IntroduccionTests;
			sourceTree = "<group>";
		};
		DE900EA42AC575A500BD6E4C /* Ejemplo1IntroduccionUITests */ = {
			isa = PBXGroup;
			children = (
				DE900EA52AC575A500BD6E4C /* Ejemplo1IntroduccionUITests.swift */,
				DE900EA72AC575A500BD6E4C /* Info.plist */,
			);
			path = Ejemplo1IntroduccionUITests;
			sourceTree = "<group>";
		};
		DE900EB62AC578E300BD6E4C /* modelos */ = {
			isa = PBXGroup;
			children = (
				DE900EB72AC5795900BD6E4C /* Usuario.swift */,
			);
			name = modelos;
			sourceTree = "<group>";
		};
/* End PBXGroup section */

/* Begin PBXNativeTarget section */
		DE900E7F2AC575A300BD6E4C /* Ejemplo1Introduccion */ = {
			isa = PBXNativeTarget;
			buildConfigurationList = DE900EAA2AC575A500BD6E4C /* Build configuration list for PBXNativeTarget "Ejemplo1Introduccion" */;
			buildPhases = (
				DE900E7C2AC575A300BD6E4C /* Sources */,
				DE900E7D2AC575A300BD6E4C /* Frameworks */,
				DE900E7E2AC575A300BD6E4C /* Resources */,
			);
			buildRules = (
			);
			dependencies = (
			);
			name = Ejemplo1Introduccion;
			packageProductDependencies = (
				DE900EBD2AC57DF800BD6E4C /* Toast */,
			);
			productName = Ejemplo1Introduccion;
			productReference = DE900E802AC575A300BD6E4C /* Ejemplo1Introduccion.app */;
			productType = "com.apple.product-type.application";
		};
		DE900E952AC575A500BD6E4C /* Ejemplo1IntroduccionTests */ = {
			isa = PBXNativeTarget;
			buildConfigurationList = DE900EAD2AC575A500BD6E4C /* Build configuration list for PBXNativeTarget "Ejemplo1IntroduccionTests" */;
			buildPhases = (
				DE900E922AC575A500BD6E4C /* Sources */,
				DE900E932AC575A500BD6E4C /* Frameworks */,
				DE900E942AC575A500BD6E4C /* Resources */,
			);
			buildRules = (
			);
			dependencies = (
				DE900E982AC575A500BD6E4C /* PBXTargetDependency */,
			);
			name = Ejemplo1IntroduccionTests;
			productName = Ejemplo1IntroduccionTests;
			productReference = DE900E962AC575A500BD6E4C /* Ejemplo1IntroduccionTests.xctest */;
			productType = "com.apple.product-type.bundle.unit-test";
		};
		DE900EA02AC575A500BD6E4C /* Ejemplo1IntroduccionUITests */ = {
			isa = PBXNativeTarget;
			buildConfigurationList = DE900EB02AC575A500BD6E4C /* Build configuration list for PBXNativeTarget "Ejemplo1IntroduccionUITests" */;
			buildPhases = (
				DE900E9D2AC575A500BD6E4C /* Sources */,
				DE900E9E2AC575A500BD6E4C /* Frameworks */,
				DE900E9F2AC575A500BD6E4C /* Resources */,
			);
			buildRules = (
			);
			dependencies = (
				DE900EA32AC575A500BD6E4C /* PBXTargetDependency */,
			);
			name = Ejemplo1IntroduccionUITests;
			productName = Ejemplo1IntroduccionUITests;
			productReference = DE900EA12AC575A500BD6E4C /* Ejemplo1IntroduccionUITests.xctest */;
			productType = "com.apple.product-type.bundle.ui-testing";
		};
/* End PBXNativeTarget section */

/* Begin PBXProject section */
		DE900E782AC575A300BD6E4C /* Project object */ = {
			isa = PBXProject;
			attributes = {
				LastSwiftUpdateCheck = 1240;
				LastUpgradeCheck = 1240;
				TargetAttributes = {
					DE900E7F2AC575A300BD6E4C = {
						CreatedOnToolsVersion = 12.4;
					};
					DE900E952AC575A500BD6E4C = {
						CreatedOnToolsVersion = 12.4;
						TestTargetID = DE900E7F2AC575A300BD6E4C;
					};
					DE900EA02AC575A500BD6E4C = {
						CreatedOnToolsVersion = 12.4;
						TestTargetID = DE900E7F2AC575A300BD6E4C;
					};
				};
			};
			buildConfigurationList = DE900E7B2AC575A300BD6E4C /* Build configuration list for PBXProject "Ejemplo1Introduccion" */;
			compatibilityVersion = "Xcode 9.3";
			developmentRegion = en;
			hasScannedForEncodings = 0;
			knownRegions = (
				en,
				Base,
			);
			mainGroup = DE900E772AC575A300BD6E4C;
			packageReferences = (
				DE900EBC2AC57DF800BD6E4C /* XCRemoteSwiftPackageReference "Toast-Swift" */,
			);
			productRefGroup = DE900E812AC575A300BD6E4C /* Products */;
			projectDirPath = "";
			projectRoot = "";
			targets = (
				DE900E7F2AC575A300BD6E4C /* Ejemplo1Introduccion */,
				DE900E952AC575A500BD6E4C /* Ejemplo1IntroduccionTests */,
				DE900EA02AC575A500BD6E4C /* Ejemplo1IntroduccionUITests */,
			);
		};
/* End PBXProject section */

/* Begin PBXResourcesBuildPhase section */
		DE900E7E2AC575A300BD6E4C /* Resources */ = {
			isa = PBXResourcesBuildPhase;
			buildActionMask = 2147483647;
			files = (
				DE900E902AC575A500BD6E4C /* LaunchScreen.storyboard in Resources */,
				DE900E8D2AC575A500BD6E4C /* Assets.xcassets in Resources */,
				DE900E8B2AC575A300BD6E4C /* Main.storyboard in Resources */,
			);
			runOnlyForDeploymentPostprocessing = 0;
		};
		DE900E942AC575A500BD6E4C /* Resources */ = {
			isa = PBXResourcesBuildPhase;
			buildActionMask = 2147483647;
			files = (
			);
			runOnlyForDeploymentPostprocessing = 0;
		};
		DE900E9F2AC575A500BD6E4C /* Resources */ = {
			isa = PBXResourcesBuildPhase;
			buildActionMask = 2147483647;
			files = (
			);
			runOnlyForDeploymentPostprocessing = 0;
		};
/* End PBXResourcesBuildPhase section */

/* Begin PBXSourcesBuildPhase section */
		DE900E7C2AC575A300BD6E4C /* Sources */ = {
			isa = PBXSourcesBuildPhase;
			buildActionMask = 2147483647;
			files = (
				DE900EB82AC5795900BD6E4C /* Usuario.swift in Sources */,
				DE900E882AC575A300BD6E4C /* ViewController.swift in Sources */,
				DE900E842AC575A300BD6E4C /* AppDelegate.swift in Sources */,
				DE900E862AC575A300BD6E4C /* SceneDelegate.swift in Sources */,
			);
			runOnlyForDeploymentPostprocessing = 0;
		};
		DE900E922AC575A500BD6E4C /* Sources */ = {
			isa = PBXSourcesBuildPhase;
			buildActionMask = 2147483647;
			files = (
				DE900E9B2AC575A500BD6E4C /* Ejemplo1IntroduccionTests.swift in Sources */,
			);
			runOnlyForDeploymentPostprocessing = 0;
		};
		DE900E9D2AC575A500BD6E4C /* Sources */ = {
			isa = PBXSourcesBuildPhase;
			buildActionMask = 2147483647;
			files = (
				DE900EA62AC575A500BD6E4C /* Ejemplo1IntroduccionUITests.swift in Sources */,
			);
			runOnlyForDeploymentPostprocessing = 0;
		};
/* End PBXSourcesBuildPhase section */

/* Begin PBXTargetDependency section */
		DE900E982AC575A500BD6E4C /* PBXTargetDependency */ = {
			isa = PBXTargetDependency;
			target = DE900E7F2AC575A300BD6E4C /* Ejemplo1Introduccion */;
			targetProxy = DE900E972AC575A500BD6E4C /* PBXContainerItemProxy */;
		};
		DE900EA32AC575A500BD6E4C /* PBXTargetDependency */ = {
			isa = PBXTargetDependency;
			target = DE900E7F2AC575A300BD6E4C /* Ejemplo1Introduccion */;
			targetProxy = DE900EA22AC575A500BD6E4C /* PBXContainerItemProxy */;
		};
/* End PBXTargetDependency section */

/* Begin PBXVariantGroup section */
		DE900E892AC575A300BD6E4C /* Main.storyboard */ = {
			isa = PBXVariantGroup;
			children = (
				DE900E8A2AC575A300BD6E4C /* Base */,
			);
			name = Main.storyboard;
			sourceTree = "<group>";
		};
		DE900E8E2AC575A500BD6E4C /* LaunchScreen.storyboard */ = {
			isa = PBXVariantGroup;
			children = (
				DE900E8F2AC575A500BD6E4C /* Base */,
			);
			name = LaunchScreen.storyboard;
			sourceTree = "<group>";
		};
/* End PBXVariantGroup section */

/* Begin XCBuildConfiguration section */
		DE900EA82AC575A500BD6E4C /* Debug */ = {
			isa = XCBuildConfiguration;
			buildSettings = {
				ALWAYS_SEARCH_USER_PATHS = NO;
				CLANG_ANALYZER_NONNULL = YES;
				CLANG_ANALYZER_NUMBER_OBJECT_CONVERSION = YES_AGGRESSIVE;
				CLANG_CXX_LANGUAGE_STANDARD = "gnu++14";
				CLANG_CXX_LIBRARY = "libc++";
				CLANG_ENABLE_MODULES = YES;
				CLANG_ENABLE_OBJC_ARC = YES;
				CLANG_ENABLE_OBJC_WEAK = YES;
				CLANG_WARN_BLOCK_CAPTURE_AUTORELEASING = YES;
				CLANG_WARN_BOOL_CONVERSION = YES;
				CLANG_WARN_COMMA = YES;
				CLANG_WARN_CONSTANT_CONVERSION = YES;
				CLANG_WARN_DEPRECATED_OBJC_IMPLEMENTATIONS = YES;
				CLANG_WARN_DIRECT_OBJC_ISA_USAGE = YES_ERROR;
				CLANG_WARN_DOCUMENTATION_COMMENTS = YES;
				CLANG_WARN_EMPTY_BODY = YES;
				CLANG_WARN_ENUM_CONVERSION = YES;
				CLANG_WARN_INFINITE_RECURSION = YES;
				CLANG_WARN_INT_CONVERSION = YES;
				CLANG_WARN_NON_LITERAL_NULL_CONVERSION = YES;
				CLANG_WARN_OBJC_IMPLICIT_RETAIN_SELF = YES;
				CLANG_WARN_OBJC_LITERAL_CONVERSION = YES;
				CLANG_WARN_OBJC_ROOT_CLASS = YES_ERROR;
				CLANG_WARN_QUOTED_INCLUDE_IN_FRAMEWORK_HEADER = YES;
				CLANG_WARN_RANGE_LOOP_ANALYSIS = YES;
				CLANG_WARN_STRICT_PROTOTYPES = YES;
				CLANG_WARN_SUSPICIOUS_MOVE = YES;
				CLANG_WARN_UNGUARDED_AVAILABILITY = YES_AGGRESSIVE;
				CLANG_WARN_UNREACHABLE_CODE = YES;
				CLANG_WARN__DUPLICATE_METHOD_MATCH = YES;
				COPY_PHASE_STRIP = NO;
				DEBUG_INFORMATION_FORMAT = dwarf;
				ENABLE_STRICT_OBJC_MSGSEND = YES;
				ENABLE_TESTABILITY = YES;
				GCC_C_LANGUAGE_STANDARD = gnu11;
				GCC_DYNAMIC_NO_PIC = NO;
				GCC_NO_COMMON_BLOCKS = YES;
				GCC_OPTIMIZATION_LEVEL = 0;
				GCC_PREPROCESSOR_DEFINITIONS = (
					"DEBUG=1",
					"$(inherited)",
				);
				GCC_WARN_64_TO_32_BIT_CONVERSION = YES;
				GCC_WARN_ABOUT_RETURN_TYPE = YES_ERROR;
				GCC_WARN_UNDECLARED_SELECTOR = YES;
				GCC_WARN_UNINITIALIZED_AUTOS = YES_AGGRESSIVE;
				GCC_WARN_UNUSED_FUNCTION = YES;
				GCC_WARN_UNUSED_VARIABLE = YES;
				IPHONEOS_DEPLOYMENT_TARGET = 14.4;
				MTL_ENABLE_DEBUG_INFO = INCLUDE_SOURCE;
				MTL_FAST_MATH = YES;
				ONLY_ACTIVE_ARCH = YES;
				SDKROOT = iphoneos;
				SWIFT_ACTIVE_COMPILATION_CONDITIONS = DEBUG;
				SWIFT_OPTIMIZATION_LEVEL = "-Onone";
			};
			name = Debug;
		};
		DE900EA92AC575A500BD6E4C /* Release */ = {
			isa = XCBuildConfiguration;
			buildSettings = {
				ALWAYS_SEARCH_USER_PATHS = NO;
				CLANG_ANALYZER_NONNULL = YES;
				CLANG_ANALYZER_NUMBER_OBJECT_CONVERSION = YES_AGGRESSIVE;
				CLANG_CXX_LANGUAGE_STANDARD = "gnu++14";
				CLANG_CXX_LIBRARY = "libc++";
				CLANG_ENABLE_MODULES = YES;
				CLANG_ENABLE_OBJC_ARC = YES;
				CLANG_ENABLE_OBJC_WEAK = YES;
				CLANG_WARN_BLOCK_CAPTURE_AUTORELEASING = YES;
				CLANG_WARN_BOOL_CONVERSION = YES;
				CLANG_WARN_COMMA = YES;
				CLANG_WARN_CONSTANT_CONVERSION = YES;
				CLANG_WARN_DEPRECATED_OBJC_IMPLEMENTATIONS = YES;
				CLANG_WARN_DIRECT_OBJC_ISA_USAGE = YES_ERROR;
				CLANG_WARN_DOCUMENTATION_COMMENTS = YES;
				CLANG_WARN_EMPTY_BODY = YES;
				CLANG_WARN_ENUM_CONVERSION = YES;
				CLANG_WARN_INFINITE_RECURSION = YES;
				CLANG_WARN_INT_CONVERSION = YES;
				CLANG_WARN_NON_LITERAL_NULL_CONVERSION = YES;
				CLANG_WARN_OBJC_IMPLICIT_RETAIN_SELF = YES;
				CLANG_WARN_OBJC_LITERAL_CONVERSION = YES;
				CLANG_WARN_OBJC_ROOT_CLASS = YES_ERROR;
				CLANG_WARN_QUOTED_INCLUDE_IN_FRAMEWORK_HEADER = YES;
				CLANG_WARN_RANGE_LOOP_ANALYSIS = YES;
				CLANG_WARN_STRICT_PROTOTYPES = YES;
				CLANG_WARN_SUSPICIOUS_MOVE = YES;
				CLANG_WARN_UNGUARDED_AVAILABILITY = YES_AGGRESSIVE;
				CLANG_WARN_UNREACHABLE_CODE = YES;
				CLANG_WARN__DUPLICATE_METHOD_MATCH = YES;
				COPY_PHASE_STRIP = NO;
				DEBUG_INFORMATION_FORMAT = "dwarf-with-dsym";
				ENABLE_NS_ASSERTIONS = NO;
				ENABLE_STRICT_OBJC_MSGSEND = YES;
				GCC_C_LANGUAGE_STANDARD = gnu11;
				GCC_NO_COMMON_BLOCKS = YES;
				GCC_WARN_64_TO_32_BIT_CONVERSION = YES;
				GCC_WARN_ABOUT_RETURN_TYPE = YES_ERROR;
				GCC_WARN_UNDECLARED_SELECTOR = YES;
				GCC_WARN_UNINITIALIZED_AUTOS = YES_AGGRESSIVE;
				GCC_WARN_UNUSED_FUNCTION = YES;
				GCC_WARN_UNUSED_VARIABLE = YES;
				IPHONEOS_DEPLOYMENT_TARGET = 14.4;
				MTL_ENABLE_DEBUG_INFO = NO;
				MTL_FAST_MATH = YES;
				SDKROOT = iphoneos;
				SWIFT_COMPILATION_MODE = wholemodule;
				SWIFT_OPTIMIZATION_LEVEL = "-O";
				VALIDATE_PRODUCT = YES;
			};
			name = Release;
		};
		DE900EAB2AC575A500BD6E4C /* Debug */ = {
			isa = XCBuildConfiguration;
			buildSettings = {
				ASSETCATALOG_COMPILER_APPICON_NAME = AppIcon;
				ASSETCATALOG_COMPILER_GLOBAL_ACCENT_COLOR_NAME = AccentColor;
				CODE_SIGN_STYLE = Automatic;
				INFOPLIST_FILE = Ejemplo1Introduccion/Info.plist;
				LD_RUNPATH_SEARCH_PATHS = (
					"$(inherited)",
					"@executable_path/Frameworks",
				);
				PRODUCT_BUNDLE_IDENTIFIER = sergio.moron.Ejemplo1Introduccion;
				PRODUCT_NAME = "$(TARGET_NAME)";
				SWIFT_VERSION = 5.0;
				TARGETED_DEVICE_FAMILY = "1,2";
			};
			name = Debug;
		};
		DE900EAC2AC575A500BD6E4C /* Release */ = {
			isa = XCBuildConfiguration;
			buildSettings = {
				ASSETCATALOG_COMPILER_APPICON_NAME = AppIcon;
				ASSETCATALOG_COMPILER_GLOBAL_ACCENT_COLOR_NAME = AccentColor;
				CODE_SIGN_STYLE = Automatic;
				INFOPLIST_FILE = Ejemplo1Introduccion/Info.plist;
				LD_RUNPATH_SEARCH_PATHS = (
					"$(inherited)",
					"@executable_path/Frameworks",
				);
				PRODUCT_BUNDLE_IDENTIFIER = sergio.moron.Ejemplo1Introduccion;
				PRODUCT_NAME = "$(TARGET_NAME)";
				SWIFT_VERSION = 5.0;
				TARGETED_DEVICE_FAMILY = "1,2";
			};
			name = Release;
		};
		DE900EAE2AC575A500BD6E4C /* Debug */ = {
			isa = XCBuildConfiguration;
			buildSettings = {
				ALWAYS_EMBED_SWIFT_STANDARD_LIBRARIES = YES;
				BUNDLE_LOADER = "$(TEST_HOST)";
				CODE_SIGN_STYLE = Automatic;
				INFOPLIST_FILE = Ejemplo1IntroduccionTests/Info.plist;
				IPHONEOS_DEPLOYMENT_TARGET = 14.4;
				LD_RUNPATH_SEARCH_PATHS = (
					"$(inherited)",
					"@executable_path/Frameworks",
					"@loader_path/Frameworks",
				);
				PRODUCT_BUNDLE_IDENTIFIER = sergio.moron.Ejemplo1IntroduccionTests;
				PRODUCT_NAME = "$(TARGET_NAME)";
				SWIFT_VERSION = 5.0;
				TARGETED_DEVICE_FAMILY = "1,2";
				TEST_HOST = "$(BUILT_PRODUCTS_DIR)/Ejemplo1Introduccion.app/Ejemplo1Introduccion";
			};
			name = Debug;
		};
		DE900EAF2AC575A500BD6E4C /* Release */ = {
			isa = XCBuildConfiguration;
			buildSettings = {
				ALWAYS_EMBED_SWIFT_STANDARD_LIBRARIES = YES;
				BUNDLE_LOADER = "$(TEST_HOST)";
				CODE_SIGN_STYLE = Automatic;
				INFOPLIST_FILE = Ejemplo1IntroduccionTests/Info.plist;
				IPHONEOS_DEPLOYMENT_TARGET = 14.4;
				LD_RUNPATH_SEARCH_PATHS = (
					"$(inherited)",
					"@executable_path/Frameworks",
					"@loader_path/Frameworks",
				);
				PRODUCT_BUNDLE_IDENTIFIER = sergio.moron.Ejemplo1IntroduccionTests;
				PRODUCT_NAME = "$(TARGET_NAME)";
				SWIFT_VERSION = 5.0;
				TARGETED_DEVICE_FAMILY = "1,2";
				TEST_HOST = "$(BUILT_PRODUCTS_DIR)/Ejemplo1Introduccion.app/Ejemplo1Introduccion";
			};
			name = Release;
		};
		DE900EB12AC575A500BD6E4C /* Debug */ = {
			isa = XCBuildConfiguration;
			buildSettings = {
				ALWAYS_EMBED_SWIFT_STANDARD_LIBRARIES = YES;
				CODE_SIGN_STYLE = Automatic;
				INFOPLIST_FILE = Ejemplo1IntroduccionUITests/Info.plist;
				LD_RUNPATH_SEARCH_PATHS = (
					"$(inherited)",
					"@executable_path/Frameworks",
					"@loader_path/Frameworks",
				);
				PRODUCT_BUNDLE_IDENTIFIER = sergio.moron.Ejemplo1IntroduccionUITests;
				PRODUCT_NAME = "$(TARGET_NAME)";
				SWIFT_VERSION = 5.0;
				TARGETED_DEVICE_FAMILY = "1,2";
				TEST_TARGET_NAME = Ejemplo1Introduccion;
			};
			name = Debug;
		};
		DE900EB22AC575A500BD6E4C /* Release */ = {
			isa = XCBuildConfiguration;
			buildSettings = {
				ALWAYS_EMBED_SWIFT_STANDARD_LIBRARIES = YES;
				CODE_SIGN_STYLE = Automatic;
				INFOPLIST_FILE = Ejemplo1IntroduccionUITests/Info.plist;
				LD_RUNPATH_SEARCH_PATHS = (
					"$(inherited)",
					"@executable_path/Frameworks",
					"@loader_path/Frameworks",
				);
				PRODUCT_BUNDLE_IDENTIFIER = sergio.moron.Ejemplo1IntroduccionUITests;
				PRODUCT_NAME = "$(TARGET_NAME)";
				SWIFT_VERSION = 5.0;
				TARGETED_DEVICE_FAMILY = "1,2";
				TEST_TARGET_NAME = Ejemplo1Introduccion;
			};
			name = Release;
		};
/* End XCBuildConfiguration section */

/* Begin XCConfigurationList section */
		DE900E7B2AC575A300BD6E4C /* Build configuration list for PBXProject "Ejemplo1Introduccion" */ = {
			isa = XCConfigurationList;
			buildConfigurations = (
				DE900EA82AC575A500BD6E4C /* Debug */,
				DE900EA92AC575A500BD6E4C /* Release */,
			);
			defaultConfigurationIsVisible = 0;
			defaultConfigurationName = Release;
		};
		DE900EAA2AC575A500BD6E4C /* Build configuration list for PBXNativeTarget "Ejemplo1Introduccion" */ = {
			isa = XCConfigurationList;
			buildConfigurations = (
				DE900EAB2AC575A500BD6E4C /* Debug */,
				DE900EAC2AC575A500BD6E4C /* Release */,
			);
			defaultConfigurationIsVisible = 0;
			defaultConfigurationName = Release;
		};
		DE900EAD2AC575A500BD6E4C /* Build configuration list for PBXNativeTarget "Ejemplo1IntroduccionTests" */ = {
			isa = XCConfigurationList;
			buildConfigurations = (
				DE900EAE2AC575A500BD6E4C /* Debug */,
				DE900EAF2AC575A500BD6E4C /* Release */,
			);
			defaultConfigurationIsVisible = 0;
			defaultConfigurationName = Release;
		};
		DE900EB02AC575A500BD6E4C /* Build configuration list for PBXNativeTarget "Ejemplo1IntroduccionUITests" */ = {
			isa = XCConfigurationList;
			buildConfigurations = (
				DE900EB12AC575A500BD6E4C /* Debug */,
				DE900EB22AC575A500BD6E4C /* Release */,
			);
			defaultConfigurationIsVisible = 0;
			defaultConfigurationName = Release;
		};
/* End XCConfigurationList section */

/* Begin XCRemoteSwiftPackageReference section */
		DE900EBC2AC57DF800BD6E4C /* XCRemoteSwiftPackageReference "Toast-Swift" */ = {
			isa = XCRemoteSwiftPackageReference;
			repositoryURL = "https://github.com/scalessec/Toast-Swift.git";
			requirement = {
				kind = upToNextMajorVersion;
				minimumVersion = 5.0.1;
			};
		};
/* End XCRemoteSwiftPackageReference section */

/* Begin XCSwiftPackageProductDependency section */
		DE900EBD2AC57DF800BD6E4C /* Toast */ = {
			isa = XCSwiftPackageProductDependency;
			package = DE900EBC2AC57DF800BD6E4C /* XCRemoteSwiftPackageReference "Toast-Swift" */;
			productName = Toast;
		};
/* End XCSwiftPackageProductDependency section */
	};
	rootObject = DE900E782AC575A300BD6E4C /* Project object */;
}
